
Microsoft Visual Studio Solution File, Format Version 12.00
# Visual Studio Version 17
VisualStudioVersion = 17.14.36121.58 d17.14
MinimumVisualStudioVersion = 10.0.40219.1
Project("{FAE04EC0-301F-11D3-BF4B-00C04F79EFBC}") = "VatCalculatorApi", "VatCalculatorApi\VatCalculatorApi.csproj", "{2F7B5D4A-1CCB-4330-894B-522E7E6A09F7}"
EndProject
Project("{FAE04EC0-301F-11D3-BF4B-00C04F79EFBC}") = "VatCalculatorApi.Tests", "VatCalculatorApi.Tests\VatCalculatorApi.Tests.csproj", "{89A4C377-4F9E-454A-9C34-12B3DF749FA8}"
EndProject
Global
	GlobalSection(SolutionConfigurationPlatforms) = preSolution
		Debug|Any CPU = Debug|Any CPU
		Release|Any CPU = Release|Any CPU
	EndGlobalSection
	GlobalSection(ProjectConfigurationPlatforms) = postSolution
		{2F7B5D4A-1CCB-4330-894B-522E7E6A09F7}.Debug|Any CPU.ActiveCfg = Debug|Any CPU
		{2F7B5D4A-1CCB-4330-894B-522E7E6A09F7}.Debug|Any CPU.Build.0 = Debug|Any CPU
		{2F7B5D4A-1CCB-4330-894B-522E7E6A09F7}.Release|Any CPU.ActiveCfg = Release|Any CPU
		{2F7B5D4A-1CCB-4330-894B-522E7E6A09F7}.Release|Any CPU.Build.0 = Release|Any CPU
		{89A4C377-4F9E-454A-9C34-12B3DF749FA8}.Debug|Any CPU.ActiveCfg = Debug|Any CPU
		{89A4C377-4F9E-454A-9C34-12B3DF749FA8}.Debug|Any CPU.Build.0 = Debug|Any CPU
		{89A4C377-4F9E-454A-9C34-12B3DF749FA8}.Release|Any CPU.ActiveCfg = Release|Any CPU
		{89A4C377-4F9E-454A-9C34-12B3DF749FA8}.Release|Any CPU.Build.0 = Release|Any CPU
	EndGlobalSection
	GlobalSection(SolutionProperties) = preSolution
		HideSolutionNode = FALSE
	EndGlobalSection
	GlobalSection(ExtensibilityGlobals) = postSolution
		SolutionGuid = {DA23B7AE-C337-4AD0-ADE4-387815AEE12D}
	EndGlobalSection
EndGlobal
